
Microsoft Visual Studio Solution File, Format Version 12.00
# Visual Studio 15
VisualStudioVersion = 15.0.26430.16
MinimumVisualStudioVersion = 10.0.40219.1
Project("{FAE04EC0-301F-11D3-BF4B-00C04F79EFBC}") = "Airport", "Airport\Airport.csproj", "{AA0BC269-DB94-4461-9D56-DC9CF684595A}"
EndProject
Global
	GlobalSection(SolutionConfigurationPlatforms) = preSolution
		Debug|Any CPU = Debug|Any CPU
		Release|Any CPU = Release|Any CPU
	EndGlobalSection
	GlobalSection(ProjectConfigurationPlatforms) = postSolution
		{AA0BC269-DB94-4461-9D56-DC9CF684595A}.Debug|Any CPU.ActiveCfg = Debug|Any CPU
		{AA0BC269-DB94-4461-9D56-DC9CF684595A}.Debug|Any CPU.Build.0 = Debug|Any CPU
		{AA0BC269-DB94-4461-9D56-DC9CF684595A}.Release|Any CPU.ActiveCfg = Release|Any CPU
		{AA0BC269-DB94-4461-9D56-DC9CF684595A}.Release|Any CPU.Build.0 = Release|Any CPU
	EndGlobalSection
	GlobalSection(SolutionProperties) = preSolution
		HideSolutionNode = FALSE
	EndGlobalSection
EndGlobal
